
Microsoft Visual Studio Solution File, Format Version 12.00
# Visual Studio Version 17
VisualStudioVersion = 17.9.34728.123
MinimumVisualStudioVersion = 10.0.40219.1
Project("{FAE04EC0-301F-11D3-BF4B-00C04F79EFBC}") = "controle de estoque1", "controle de estoque1.csproj", "{C28C2E7C-F446-41DB-81E2-BCBBCB9391DD}"
EndProject
Global
	GlobalSection(SolutionConfigurationPlatforms) = preSolution
		Debug|Any CPU = Debug|Any CPU
		Release|Any CPU = Release|Any CPU
	EndGlobalSection
	GlobalSection(ProjectConfigurationPlatforms) = postSolution
		{C28C2E7C-F446-41DB-81E2-BCBBCB9391DD}.Debug|Any CPU.ActiveCfg = Debug|Any CPU
		{C28C2E7C-F446-41DB-81E2-BCBBCB9391DD}.Debug|Any CPU.Build.0 = Debug|Any CPU
		{C28C2E7C-F446-41DB-81E2-BCBBCB9391DD}.Release|Any CPU.ActiveCfg = Release|Any CPU
		{C28C2E7C-F446-41DB-81E2-BCBBCB9391DD}.Release|Any CPU.Build.0 = Release|Any CPU
	EndGlobalSection
	GlobalSection(SolutionProperties) = preSolution
		HideSolutionNode = FALSE
	EndGlobalSection
	GlobalSection(ExtensibilityGlobals) = postSolution
		SolutionGuid = {9F56DA5B-8ACD-48DF-8D50-FBA9E6A52A7A}
	EndGlobalSection
EndGlobal
